// !$*UTF8*$!
{
	archiveVersion = 1;
	classes = {
	};
	objectVersion = 77;
	objects = {

/* Begin PBXBuildFile section */
		9FB1D01B2D2154B100991A97 /* Kingfisher in Frameworks */ = {isa = PBXBuildFile; productRef = 9FB1D01A2D2154B100991A97 /* Kingfisher */; };
/* End PBXBuildFile section */

/* Begin PBXContainerItemProxy section */
		9FB1CFCB2D214FA700991A97 /* PBXContainerItemProxy */ = {
			isa = PBXContainerItemProxy;
			containerPortal = 9FB1CFAC2D214FA400991A97 /* Project object */;
			proxyType = 1;
			remoteGlobalIDString = 9FB1CFB32D214FA400991A97;
			remoteInfo = "LgnAssesment-Swift-UIKit-Cars";
		};
		9FB1CFD52D214FA700991A97 /* PBXContainerItemProxy */ = {
			isa = PBXContainerItemProxy;
			containerPortal = 9FB1CFAC2D214FA400991A97 /* Project object */;
			proxyType = 1;
			remoteGlobalIDString = 9FB1CFB32D214FA400991A97;
			remoteInfo = "LgnAssesment-Swift-UIKit-Cars";
		};
/* End PBXContainerItemProxy section */

/* Begin PBXFileReference section */
		9FB1CFB42D214FA400991A97 /* iOS_Cars.app */ = {isa = PBXFileReference; explicitFileType = wrapper.application; includeInIndex = 0; path = iOS_Cars.app; sourceTree = BUILT_PRODUCTS_DIR; };
		9FB1CFCA2D214FA700991A97 /* iOS_CarsTests.xctest */ = {isa = PBXFileReference; explicitFileType = wrapper.cfbundle; includeInIndex = 0; path = iOS_CarsTests.xctest; sourceTree = BUILT_PRODUCTS_DIR; };
		9FB1CFD42D214FA700991A97 /* iOS_CarsUITests.xctest */ = {isa = PBXFileReference; explicitFileType = wrapper.cfbundle; includeInIndex = 0; path = iOS_CarsUITests.xctest; sourceTree = BUILT_PRODUCTS_DIR; };
/* End PBXFileReference section */

/* Begin PBXFileSystemSynchronizedBuildFileExceptionSet section */
		9FB1CFDC2D214FA700991A97 /* Exceptions for "iOS_Cars" folder in "iOS_Cars" target */ = {
			isa = PBXFileSystemSynchronizedBuildFileExceptionSet;
			membershipExceptions = (
				Info.plist,
			);
			target = 9FB1CFB32D214FA400991A97 /* iOS_Cars */;
		};
/* End PBXFileSystemSynchronizedBuildFileExceptionSet section */

/* Begin PBXFileSystemSynchronizedRootGroup section */
		9FB1CFB62D214FA400991A97 /* iOS_Cars */ = {
			isa = PBXFileSystemSynchronizedRootGroup;
			exceptions = (
				9FB1CFDC2D214FA700991A97 /* Exceptions for "iOS_Cars" folder in "iOS_Cars" target */,
			);
			path = iOS_Cars;
			sourceTree = "<group>";
		};
		9FB1CFCD2D214FA700991A97 /* iOS_CarsTests */ = {
			isa = PBXFileSystemSynchronizedRootGroup;
			path = iOS_CarsTests;
			sourceTree = "<group>";
		};
		9FB1CFD72D214FA700991A97 /* iOS_CarsUITests */ = {
			isa = PBXFileSystemSynchronizedRootGroup;
			path = iOS_CarsUITests;
			sourceTree = "<group>";
		};
/* End PBXFileSystemSynchronizedRootGroup section */

/* Begin PBXFrameworksBuildPhase section */
		9FB1CFB12D214FA400991A97 /* Frameworks */ = {
			isa = PBXFrameworksBuildPhase;
			buildActionMask = 2147483647;
			files = (
				9FB1D01B2D2154B100991A97 /* Kingfisher in Frameworks */,
			);
			runOnlyForDeploymentPostprocessing = 0;
		};
		9FB1CFC72D214FA700991A97 /* Frameworks */ = {
			isa = PBXFrameworksBuildPhase;
			buildActionMask = 2147483647;
			files = (
			);
			runOnlyForDeploymentPostprocessing = 0;
		};
		9FB1CFD12D214FA700991A97 /* Frameworks */ = {
			isa = PBXFrameworksBuildPhase;
			buildActionMask = 2147483647;
			files = (
			);
			runOnlyForDeploymentPostprocessing = 0;
		};
/* End PBXFrameworksBuildPhase section */

/* Begin PBXGroup section */
		9FB1CFAB2D214FA400991A97 = {
			isa = PBXGroup;
			children = (
				9FB1CFB62D214FA400991A97 /* iOS_Cars */,
				9FB1CFCD2D214FA700991A97 /* iOS_CarsTests */,
				9FB1CFD72D214FA700991A97 /* iOS_CarsUITests */,
				9FB1D0192D2154B100991A97 /* Frameworks */,
				9FB1CFB52D214FA400991A97 /* Products */,
			);
			sourceTree = "<group>";
		};
		9FB1CFB52D214FA400991A97 /* Products */ = {
			isa = PBXGroup;
			children = (
				9FB1CFB42D214FA400991A97 /* iOS_Cars.app */,
				9FB1CFCA2D214FA700991A97 /* iOS_CarsTests.xctest */,
				9FB1CFD42D214FA700991A97 /* iOS_CarsUITests.xctest */,
			);
			name = Products;
			sourceTree = "<group>";
		};
		9FB1D0192D2154B100991A97 /* Frameworks */ = {
			isa = PBXGroup;
			children = (
			);
			name = Frameworks;
			sourceTree = "<group>";
		};
/* End PBXGroup section */

/* Begin PBXNativeTarget section */
		9FB1CFB32D214FA400991A97 /* iOS_Cars */ = {
			isa = PBXNativeTarget;
			buildConfigurationList = 9FB1CFDD2D214FA700991A97 /* Build configuration list for PBXNativeTarget "iOS_Cars" */;
			buildPhases = (
				9FB1CFB02D214FA400991A97 /* Sources */,
				9FB1CFB12D214FA400991A97 /* Frameworks */,
				9FB1CFB22D214FA400991A97 /* Resources */,
			);
			buildRules = (
			);
			dependencies = (
			);
			fileSystemSynchronizedGroups = (
				9FB1CFB62D214FA400991A97 /* iOS_Cars */,
			);
			name = iOS_Cars;
			packageProductDependencies = (
				9FB1D01A2D2154B100991A97 /* Kingfisher */,
			);
			productName = "LgnAssesment-Swift-UIKit-Cars";
			productReference = 9FB1CFB42D214FA400991A97 /* iOS_Cars.app */;
			productType = "com.apple.product-type.application";
		};
		9FB1CFC92D214FA700991A97 /* iOS_CarsTests */ = {
			isa = PBXNativeTarget;
			buildConfigurationList = 9FB1CFE22D214FA700991A97 /* Build configuration list for PBXNativeTarget "iOS_CarsTests" */;
			buildPhases = (
				9FB1CFC62D214FA700991A97 /* Sources */,
				9FB1CFC72D214FA700991A97 /* Frameworks */,
				9FB1CFC82D214FA700991A97 /* Resources */,
			);
			buildRules = (
			);
			dependencies = (
				9FB1CFCC2D214FA700991A97 /* PBXTargetDependency */,
			);
			fileSystemSynchronizedGroups = (
				9FB1CFCD2D214FA700991A97 /* iOS_CarsTests */,
			);
			name = iOS_CarsTests;
			packageProductDependencies = (
			);
			productName = "LgnAssesment-Swift-UIKit-CarsTests";
			productReference = 9FB1CFCA2D214FA700991A97 /* iOS_CarsTests.xctest */;
			productType = "com.apple.product-type.bundle.unit-test";
		};
		9FB1CFD32D214FA700991A97 /* iOS_CarsUITests */ = {
			isa = PBXNativeTarget;
			buildConfigurationList = 9FB1CFE52D214FA700991A97 /* Build configuration list for PBXNativeTarget "iOS_CarsUITests" */;
			buildPhases = (
				9FB1CFD02D214FA700991A97 /* Sources */,
				9FB1CFD12D214FA700991A97 /* Frameworks */,
				9FB1CFD22D214FA700991A97 /* Resources */,
			);
			buildRules = (
			);
			dependencies = (
				9FB1CFD62D214FA700991A97 /* PBXTargetDependency */,
			);
			fileSystemSynchronizedGroups = (
				9FB1CFD72D214FA700991A97 /* iOS_CarsUITests */,
			);
			name = iOS_CarsUITests;
			packageProductDependencies = (
			);
			productName = "LgnAssesment-Swift-UIKit-CarsUITests";
			productReference = 9FB1CFD42D214FA700991A97 /* iOS_CarsUITests.xctest */;
			productType = "com.apple.product-type.bundle.ui-testing";
		};
/* End PBXNativeTarget section */

/* Begin PBXProject section */
		9FB1CFAC2D214FA400991A97 /* Project object */ = {
			isa = PBXProject;
			attributes = {
				BuildIndependentTargetsInParallel = 1;
				LastSwiftUpdateCheck = 1600;
				LastUpgradeCheck = 1600;
				TargetAttributes = {
					9FB1CFB32D214FA400991A97 = {
						CreatedOnToolsVersion = 16.0;
					};
					9FB1CFC92D214FA700991A97 = {
						CreatedOnToolsVersion = 16.0;
						TestTargetID = 9FB1CFB32D214FA400991A97;
					};
					9FB1CFD32D214FA700991A97 = {
						CreatedOnToolsVersion = 16.0;
						TestTargetID = 9FB1CFB32D214FA400991A97;
					};
				};
			};
			buildConfigurationList = 9FB1CFAF2D214FA400991A97 /* Build configuration list for PBXProject "LgnAssesment-Swift-UIKit-Cars" */;
			developmentRegion = en;
			hasScannedForEncodings = 0;
			knownRegions = (
				en,
				Base,
			);
			mainGroup = 9FB1CFAB2D214FA400991A97;
			minimizedProjectReferenceProxies = 1;
			packageReferences = (
				9FB1D0182D21549D00991A97 /* XCRemoteSwiftPackageReference "Kingfisher" */,
			);
			preferredProjectObjectVersion = 77;
			productRefGroup = 9FB1CFB52D214FA400991A97 /* Products */;
			projectDirPath = "";
			projectRoot = "";
			targets = (
				9FB1CFB32D214FA400991A97 /* iOS_Cars */,
				9FB1CFC92D214FA700991A97 /* iOS_CarsTests */,
				9FB1CFD32D214FA700991A97 /* iOS_CarsUITests */,
			);
		};
/* End PBXProject section */

/* Begin PBXResourcesBuildPhase section */
		9FB1CFB22D214FA400991A97 /* Resources */ = {
			isa = PBXResourcesBuildPhase;
			buildActionMask = 2147483647;
			files = (
			);
			runOnlyForDeploymentPostprocessing = 0;
		};
		9FB1CFC82D214FA700991A97 /* Resources */ = {
			isa = PBXResourcesBuildPhase;
			buildActionMask = 2147483647;
			files = (
			);
			runOnlyForDeploymentPostprocessing = 0;
		};
		9FB1CFD22D214FA700991A97 /* Resources */ = {
			isa = PBXResourcesBuildPhase;
			buildActionMask = 2147483647;
			files = (
			);
			runOnlyForDeploymentPostprocessing = 0;
		};
/* End PBXResourcesBuildPhase section */

/* Begin PBXSourcesBuildPhase section */
		9FB1CFB02D214FA400991A97 /* Sources */ = {
			isa = PBXSourcesBuildPhase;
			buildActionMask = 2147483647;
			files = (
			);
			runOnlyForDeploymentPostprocessing = 0;
		};
		9FB1CFC62D214FA700991A97 /* Sources */ = {
			isa = PBXSourcesBuildPhase;
			buildActionMask = 2147483647;
			files = (
			);
			runOnlyForDeploymentPostprocessing = 0;
		};
		9FB1CFD02D214FA700991A97 /* Sources */ = {
			isa = PBXSourcesBuildPhase;
			buildActionMask = 2147483647;
			files = (
			);
			runOnlyForDeploymentPostprocessing = 0;
		};
/* End PBXSourcesBuildPhase section */

/* Begin PBXTargetDependency section */
		9FB1CFCC2D214FA700991A97 /* PBXTargetDependency */ = {
			isa = PBXTargetDependency;
			target = 9FB1CFB32D214FA400991A97 /* iOS_Cars */;
			targetProxy = 9FB1CFCB2D214FA700991A97 /* PBXContainerItemProxy */;
		};
		9FB1CFD62D214FA700991A97 /* PBXTargetDependency */ = {
			isa = PBXTargetDependency;
			target = 9FB1CFB32D214FA400991A97 /* iOS_Cars */;
			targetProxy = 9FB1CFD52D214FA700991A97 /* PBXContainerItemProxy */;
		};
/* End PBXTargetDependency section */

/* Begin XCBuildConfiguration section */
		9FB1CFDE2D214FA700991A97 /* Debug */ = {
			isa = XCBuildConfiguration;
			buildSettings = {
				ASSETCATALOG_COMPILER_APPICON_NAME = AppIcon;
				ASSETCATALOG_COMPILER_GLOBAL_ACCENT_COLOR_NAME = AccentColor;
				CODE_SIGN_STYLE = Automatic;
				CURRENT_PROJECT_VERSION = 1;
				DEVELOPMENT_TEAM = UE8YWDNEAR;
				GENERATE_INFOPLIST_FILE = YES;
				INFOPLIST_FILE = iOS_Cars/Info.plist;
				INFOPLIST_KEY_UIApplicationSupportsIndirectInputEvents = YES;
				INFOPLIST_KEY_UILaunchStoryboardName = "";
				INFOPLIST_KEY_UIMainStoryboardFile = "";
				INFOPLIST_KEY_UISupportedInterfaceOrientations_iPad = "UIInterfaceOrientationPortrait UIInterfaceOrientationPortraitUpsideDown UIInterfaceOrientationLandscapeLeft UIInterfaceOrientationLandscapeRight";
				INFOPLIST_KEY_UISupportedInterfaceOrientations_iPhone = "UIInterfaceOrientationPortrait UIInterfaceOrientationLandscapeLeft UIInterfaceOrientationLandscapeRight";
				LD_RUNPATH_SEARCH_PATHS = (
					"$(inherited)",
					"@executable_path/Frameworks",
				);
				MARKETING_VERSION = 1.0;
				PRODUCT_BUNDLE_IDENTIFIER = "local.LgnAssesment-Swift-UIKit-Cars";
				PRODUCT_NAME = "$(TARGET_NAME)";
				SWIFT_EMIT_LOC_STRINGS = YES;
				SWIFT_VERSION = 5.0;
				TARGETED_DEVICE_FAMILY = "1,2";
			};
			name = Debug;
		};
		9FB1CFDF2D214FA700991A97 /* Release */ = {
			isa = XCBuildConfiguration;
			buildSettings = {
				ASSETCATALOG_COMPILER_APPICON_NAME = AppIcon;
				ASSETCATALOG_COMPILER_GLOBAL_ACCENT_COLOR_NAME = AccentColor;
				CODE_SIGN_STYLE = Automatic;
				CURRENT_PROJECT_VERSION = 1;
				DEVELOPMENT_TEAM = UE8YWDNEAR;
				GENERATE_INFOPLIST_FILE = YES;
				INFOPLIST_FILE = iOS_Cars/Info.plist;
				INFOPLIST_KEY_UIApplicationSupportsIndirectInputEvents = YES;
				INFOPLIST_KEY_UILaunchStoryboardName = "";
				INFOPLIST_KEY_UIMainStoryboardFile = "";
				INFOPLIST_KEY_UISupportedInterfaceOrientations_iPad = "UIInterfaceOrientationPortrait UIInterfaceOrientationPortraitUpsideDown UIInterfaceOrientationLandscapeLeft UIInterfaceOrientationLandscapeRight";
				INFOPLIST_KEY_UISupportedInterfaceOrientations_iPhone = "UIInterfaceOrientationPortrait UIInterfaceOrientationLandscapeLeft UIInterfaceOrientationLandscapeRight";
				LD_RUNPATH_SEARCH_PATHS = (
					"$(inherited)",
					"@executable_path/Frameworks",
				);
				MARKETING_VERSION = 1.0;
				PRODUCT_BUNDLE_IDENTIFIER = "local.LgnAssesment-Swift-UIKit-Cars";
				PRODUCT_NAME = "$(TARGET_NAME)";
				SWIFT_EMIT_LOC_STRINGS = YES;
				SWIFT_VERSION = 5.0;
				TARGETED_DEVICE_FAMILY = "1,2";
			};
			name = Release;
		};
		9FB1CFE02D214FA700991A97 /* Debug */ = {
			isa = XCBuildConfiguration;
			buildSettings = {
				ALWAYS_SEARCH_USER_PATHS = NO;
				ASSETCATALOG_COMPILER_GENERATE_SWIFT_ASSET_SYMBOL_EXTENSIONS = YES;
				CLANG_ANALYZER_NONNULL = YES;
				CLANG_ANALYZER_NUMBER_OBJECT_CONVERSION = YES_AGGRESSIVE;
				CLANG_CXX_LANGUAGE_STANDARD = "gnu++20";
				CLANG_ENABLE_MODULES = YES;
				CLANG_ENABLE_OBJC_ARC = YES;
				CLANG_ENABLE_OBJC_WEAK = YES;
				CLANG_WARN_BLOCK_CAPTURE_AUTORELEASING = YES;
				CLANG_WARN_BOOL_CONVERSION = YES;
				CLANG_WARN_COMMA = YES;
				CLANG_WARN_CONSTANT_CONVERSION = YES;
				CLANG_WARN_DEPRECATED_OBJC_IMPLEMENTATIONS = YES;
				CLANG_WARN_DIRECT_OBJC_ISA_USAGE = YES_ERROR;
				CLANG_WARN_DOCUMENTATION_COMMENTS = YES;
				CLANG_WARN_EMPTY_BODY = YES;
				CLANG_WARN_ENUM_CONVERSION = YES;
				CLANG_WARN_INFINITE_RECURSION = YES;
				CLANG_WARN_INT_CONVERSION = YES;
				CLANG_WARN_NON_LITERAL_NULL_CONVERSION = YES;
				CLANG_WARN_OBJC_IMPLICIT_RETAIN_SELF = YES;
				CLANG_WARN_OBJC_LITERAL_CONVERSION = YES;
				CLANG_WARN_OBJC_ROOT_CLASS = YES_ERROR;
				CLANG_WARN_QUOTED_INCLUDE_IN_FRAMEWORK_HEADER = YES;
				CLANG_WARN_RANGE_LOOP_ANALYSIS = YES;
				CLANG_WARN_STRICT_PROTOTYPES = YES;
				CLANG_WARN_SUSPICIOUS_MOVE = YES;
				CLANG_WARN_UNGUARDED_AVAILABILITY = YES_AGGRESSIVE;
				CLANG_WARN_UNREACHABLE_CODE = YES;
				CLANG_WARN__DUPLICATE_METHOD_MATCH = YES;
				COPY_PHASE_STRIP = NO;
				DEBUG_INFORMATION_FORMAT = dwarf;
				ENABLE_STRICT_OBJC_MSGSEND = YES;
				ENABLE_TESTABILITY = YES;
				ENABLE_USER_SCRIPT_SANDBOXING = YES;
				GCC_C_LANGUAGE_STANDARD = gnu17;
				GCC_DYNAMIC_NO_PIC = NO;
				GCC_NO_COMMON_BLOCKS = YES;
				GCC_OPTIMIZATION_LEVEL = 0;
				GCC_PREPROCESSOR_DEFINITIONS = (
					"DEBUG=1",
					"$(inherited)",
				);
				GCC_WARN_64_TO_32_BIT_CONVERSION = YES;
				GCC_WARN_ABOUT_RETURN_TYPE = YES_ERROR;
				GCC_WARN_UNDECLARED_SELECTOR = YES;
				GCC_WARN_UNINITIALIZED_AUTOS = YES_AGGRESSIVE;
				GCC_WARN_UNUSED_FUNCTION = YES;
				GCC_WARN_UNUSED_VARIABLE = YES;
				IPHONEOS_DEPLOYMENT_TARGET = 18.0;
				LOCALIZATION_PREFERS_STRING_CATALOGS = YES;
				MTL_ENABLE_DEBUG_INFO = INCLUDE_SOURCE;
				MTL_FAST_MATH = YES;
				ONLY_ACTIVE_ARCH = YES;
				SDKROOT = iphoneos;
				SWIFT_ACTIVE_COMPILATION_CONDITIONS = "DEBUG $(inherited)";
				SWIFT_OPTIMIZATION_LEVEL = "-Onone";
			};
			name = Debug;
		};
		9FB1CFE12D214FA700991A97 /* Release */ = {
			isa = XCBuildConfiguration;
			buildSettings = {
				ALWAYS_SEARCH_USER_PATHS = NO;
				ASSETCATALOG_COMPILER_GENERATE_SWIFT_ASSET_SYMBOL_EXTENSIONS = YES;
				CLANG_ANALYZER_NONNULL = YES;
				CLANG_ANALYZER_NUMBER_OBJECT_CONVERSION = YES_AGGRESSIVE;
				CLANG_CXX_LANGUAGE_STANDARD = "gnu++20";
				CLANG_ENABLE_MODULES = YES;
				CLANG_ENABLE_OBJC_ARC = YES;
				CLANG_ENABLE_OBJC_WEAK = YES;
				CLANG_WARN_BLOCK_CAPTURE_AUTORELEASING = YES;
				CLANG_WARN_BOOL_CONVERSION = YES;
				CLANG_WARN_COMMA = YES;
				CLANG_WARN_CONSTANT_CONVERSION = YES;
				CLANG_WARN_DEPRECATED_OBJC_IMPLEMENTATIONS = YES;
				CLANG_WARN_DIRECT_OBJC_ISA_USAGE = YES_ERROR;
				CLANG_WARN_DOCUMENTATION_COMMENTS = YES;
				CLANG_WARN_EMPTY_BODY = YES;
				CLANG_WARN_ENUM_CONVERSION = YES;
				CLANG_WARN_INFINITE_RECURSION = YES;
				CLANG_WARN_INT_CONVERSION = YES;
				CLANG_WARN_NON_LITERAL_NULL_CONVERSION = YES;
				CLANG_WARN_OBJC_IMPLICIT_RETAIN_SELF = YES;
				CLANG_WARN_OBJC_LITERAL_CONVERSION = YES;
				CLANG_WARN_OBJC_ROOT_CLASS = YES_ERROR;
				CLANG_WARN_QUOTED_INCLUDE_IN_FRAMEWORK_HEADER = YES;
				CLANG_WARN_RANGE_LOOP_ANALYSIS = YES;
				CLANG_WARN_STRICT_PROTOTYPES = YES;
				CLANG_WARN_SUSPICIOUS_MOVE = YES;
				CLANG_WARN_UNGUARDED_AVAILABILITY = YES_AGGRESSIVE;
				CLANG_WARN_UNREACHABLE_CODE = YES;
				CLANG_WARN__DUPLICATE_METHOD_MATCH = YES;
				COPY_PHASE_STRIP = NO;
				DEBUG_INFORMATION_FORMAT = "dwarf-with-dsym";
				ENABLE_NS_ASSERTIONS = NO;
				ENABLE_STRICT_OBJC_MSGSEND = YES;
				ENABLE_USER_SCRIPT_SANDBOXING = YES;
				GCC_C_LANGUAGE_STANDARD = gnu17;
				GCC_NO_COMMON_BLOCKS = YES;
				GCC_WARN_64_TO_32_BIT_CONVERSION = YES;
				GCC_WARN_ABOUT_RETURN_TYPE = YES_ERROR;
				GCC_WARN_UNDECLARED_SELECTOR = YES;
				GCC_WARN_UNINITIALIZED_AUTOS = YES_AGGRESSIVE;
				GCC_WARN_UNUSED_FUNCTION = YES;
				GCC_WARN_UNUSED_VARIABLE = YES;
				IPHONEOS_DEPLOYMENT_TARGET = 18.0;
				LOCALIZATION_PREFERS_STRING_CATALOGS = YES;
				MTL_ENABLE_DEBUG_INFO = NO;
				MTL_FAST_MATH = YES;
				SDKROOT = iphoneos;
				SWIFT_COMPILATION_MODE = wholemodule;
				VALIDATE_PRODUCT = YES;
			};
			name = Release;
		};
		9FB1CFE32D214FA700991A97 /* Debug */ = {
			isa = XCBuildConfiguration;
			buildSettings = {
				BUNDLE_LOADER = "$(TEST_HOST)";
				CODE_SIGN_STYLE = Automatic;
				CURRENT_PROJECT_VERSION = 1;
				DEVELOPMENT_TEAM = UE8YWDNEAR;
				GENERATE_INFOPLIST_FILE = YES;
				IPHONEOS_DEPLOYMENT_TARGET = 18.0;
				MARKETING_VERSION = 1.0;
				PRODUCT_BUNDLE_IDENTIFIER = "local.LgnAssesment-Swift-UIKit-CarsTests";
				PRODUCT_NAME = "$(TARGET_NAME)";
				SWIFT_EMIT_LOC_STRINGS = NO;
				SWIFT_VERSION = 5.0;
				TARGETED_DEVICE_FAMILY = "1,2";
				TEST_HOST = "$(BUILT_PRODUCTS_DIR)/iOS_Cars.app/$(BUNDLE_EXECUTABLE_FOLDER_PATH)/iOS_Cars";
			};
			name = Debug;
		};
		9FB1CFE42D214FA700991A97 /* Release */ = {
			isa = XCBuildConfiguration;
			buildSettings = {
				BUNDLE_LOADER = "$(TEST_HOST)";
				CODE_SIGN_STYLE = Automatic;
				CURRENT_PROJECT_VERSION = 1;
				DEVELOPMENT_TEAM = UE8YWDNEAR;
				GENERATE_INFOPLIST_FILE = YES;
				IPHONEOS_DEPLOYMENT_TARGET = 18.0;
				MARKETING_VERSION = 1.0;
				PRODUCT_BUNDLE_IDENTIFIER = "local.LgnAssesment-Swift-UIKit-CarsTests";
				PRODUCT_NAME = "$(TARGET_NAME)";
				SWIFT_EMIT_LOC_STRINGS = NO;
				SWIFT_VERSION = 5.0;
				TARGETED_DEVICE_FAMILY = "1,2";
				TEST_HOST = "$(BUILT_PRODUCTS_DIR)/iOS_Cars.app/$(BUNDLE_EXECUTABLE_FOLDER_PATH)/iOS_Cars";
			};
			name = Release;
		};
		9FB1CFE62D214FA700991A97 /* Debug */ = {
			isa = XCBuildConfiguration;
			buildSettings = {
				CODE_SIGN_STYLE = Automatic;
				CURRENT_PROJECT_VERSION = 1;
				DEVELOPMENT_TEAM = UE8YWDNEAR;
				GENERATE_INFOPLIST_FILE = YES;
				MARKETING_VERSION = 1.0;
				PRODUCT_BUNDLE_IDENTIFIER = "local.LgnAssesment-Swift-UIKit-CarsUITests";
				PRODUCT_NAME = "$(TARGET_NAME)";
				SWIFT_EMIT_LOC_STRINGS = NO;
				SWIFT_VERSION = 5.0;
				TARGETED_DEVICE_FAMILY = "1,2";
				TEST_TARGET_NAME = "LgnAssesment-Swift-UIKit-Cars";
			};
			name = Debug;
		};
		9FB1CFE72D214FA700991A97 /* Release */ = {
			isa = XCBuildConfiguration;
			buildSettings = {
				CODE_SIGN_STYLE = Automatic;
				CURRENT_PROJECT_VERSION = 1;
				DEVELOPMENT_TEAM = UE8YWDNEAR;
				GENERATE_INFOPLIST_FILE = YES;
				MARKETING_VERSION = 1.0;
				PRODUCT_BUNDLE_IDENTIFIER = "local.LgnAssesment-Swift-UIKit-CarsUITests";
				PRODUCT_NAME = "$(TARGET_NAME)";
				SWIFT_EMIT_LOC_STRINGS = NO;
				SWIFT_VERSION = 5.0;
				TARGETED_DEVICE_FAMILY = "1,2";
				TEST_TARGET_NAME = "LgnAssesment-Swift-UIKit-Cars";
			};
			name = Release;
		};
/* End XCBuildConfiguration section */

/* Begin XCConfigurationList section */
		9FB1CFAF2D214FA400991A97 /* Build configuration list for PBXProject "LgnAssesment-Swift-UIKit-Cars" */ = {
			isa = XCConfigurationList;
			buildConfigurations = (
				9FB1CFE02D214FA700991A97 /* Debug */,
				9FB1CFE12D214FA700991A97 /* Release */,
			);
			defaultConfigurationIsVisible = 0;
			defaultConfigurationName = Release;
		};
		9FB1CFDD2D214FA700991A97 /* Build configuration list for PBXNativeTarget "iOS_Cars" */ = {
			isa = XCConfigurationList;
			buildConfigurations = (
				9FB1CFDE2D214FA700991A97 /* Debug */,
				9FB1CFDF2D214FA700991A97 /* Release */,
			);
			defaultConfigurationIsVisible = 0;
			defaultConfigurationName = Release;
		};
		9FB1CFE22D214FA700991A97 /* Build configuration list for PBXNativeTarget "iOS_CarsTests" */ = {
			isa = XCConfigurationList;
			buildConfigurations = (
				9FB1CFE32D214FA700991A97 /* Debug */,
				9FB1CFE42D214FA700991A97 /* Release */,
			);
			defaultConfigurationIsVisible = 0;
			defaultConfigurationName = Release;
		};
		9FB1CFE52D214FA700991A97 /* Build configuration list for PBXNativeTarget "iOS_CarsUITests" */ = {
			isa = XCConfigurationList;
			buildConfigurations = (
				9FB1CFE62D214FA700991A97 /* Debug */,
				9FB1CFE72D214FA700991A97 /* Release */,
			);
			defaultConfigurationIsVisible = 0;
			defaultConfigurationName = Release;
		};
/* End XCConfigurationList section */

/* Begin XCRemoteSwiftPackageReference section */
		9FB1D0182D21549D00991A97 /* XCRemoteSwiftPackageReference "Kingfisher" */ = {
			isa = XCRemoteSwiftPackageReference;
			repositoryURL = "https://github.com/onevcat/Kingfisher.git";
			requirement = {
				kind = upToNextMajorVersion;
				minimumVersion = 8.1.3;
			};
		};
/* End XCRemoteSwiftPackageReference section */

/* Begin XCSwiftPackageProductDependency section */
		9FB1D01A2D2154B100991A97 /* Kingfisher */ = {
			isa = XCSwiftPackageProductDependency;
			package = 9FB1D0182D21549D00991A97 /* XCRemoteSwiftPackageReference "Kingfisher" */;
			productName = Kingfisher;
		};
/* End XCSwiftPackageProductDependency section */
	};
	rootObject = 9FB1CFAC2D214FA400991A97 /* Project object */;
}
